
Microsoft Visual Studio Solution File, Format Version 12.00
# Visual Studio Version 17
VisualStudioVersion = 17.14.36212.18 d17.14
MinimumVisualStudioVersion = 10.0.40219.1
Project("{FAE04EC0-301F-11D3-BF4B-00C04F79EFBC}") = "HalaHair", "HalaHair\HalaHair.csproj", "{53F7CD52-E00F-4873-BAEC-A95CA2D122D1}"
EndProject
Global
	GlobalSection(SolutionConfigurationPlatforms) = preSolution
		Debug|Any CPU = Debug|Any CPU
		Release|Any CPU = Release|Any CPU
	EndGlobalSection
	GlobalSection(ProjectConfigurationPlatforms) = postSolution
		{53F7CD52-E00F-4873-BAEC-A95CA2D122D1}.Debug|Any CPU.ActiveCfg = Debug|Any CPU
		{53F7CD52-E00F-4873-BAEC-A95CA2D122D1}.Debug|Any CPU.Build.0 = Debug|Any CPU
		{53F7CD52-E00F-4873-BAEC-A95CA2D122D1}.Release|Any CPU.ActiveCfg = Release|Any CPU
		{53F7CD52-E00F-4873-BAEC-A95CA2D122D1}.Release|Any CPU.Build.0 = Release|Any CPU
	EndGlobalSection
	GlobalSection(SolutionProperties) = preSolution
		HideSolutionNode = FALSE
	EndGlobalSection
	GlobalSection(ExtensibilityGlobals) = postSolution
		SolutionGuid = {DD1968F5-604F-4021-A0EE-864ECD4EF9C1}
	EndGlobalSection
EndGlobal
